# THIS IS AN AUTOGENERATED FILE. DO NOT EDIT THIS FILE DIRECTLY.
# yarn lockfile v1


"@rule.js/access-mate@^0.9.0":
  version "0.9.0"
  resolved "https://registry.yarnpkg.com/@rule.js/access-mate/-/access-mate-0.9.0.tgz#605859b8f7be143e02160c52f9258acba2869323"
  integrity sha512-6U73JmSYqpuLIhyc/P4sX9b72zDBh+smia/hv5c5gyjXXDrKocr2YFJi9polNVI71BH+a7UXRJxIiW9nHUcs8Q==
  dependencies:
    "@rule.js/core" "^0.9.0"
    debug "^3.1.0"
    lodash.omit "^4.5.0"
    lodash.uniq "^4.5.0"

"@rule.js/contextualize@^0.9.0":
  version "0.9.0"
  resolved "https://registry.yarnpkg.com/@rule.js/contextualize/-/contextualize-0.9.0.tgz#804c2ea16962e1e7d4c4868ace1320c0e44e4952"
  integrity sha512-4YV/Yh1hVQ1f+QMtgPap7/aMmo9In1wIq9Nr1773MvCzKvi6wGUtDQbX7hKgoJ+bVNViCgTU+4sA8ZY/ciU1TA==
  dependencies:
    lodash.assign "^4.2.0"
    lodash.get "^4.4.2"
    lodash.topath "^4.5.2"

"@rule.js/core@^0.9.0":
  version "0.9.0"
  resolved "https://registry.yarnpkg.com/@rule.js/core/-/core-0.9.0.tgz#567d80284de6ea42e53d560da3542f91143f9faa"
  integrity sha512-/XV8NYTuAIsyMrBJF4z5xjw5AL0CgeRzfOTNbZHJx2LEJ72cun9eNJRatP2XOLk2WappwcyB1CyLH98r8YbxwQ==
  dependencies:
    lodash.assign "^4.0.8"
    lodash.clone "^4.3.2"
    lodash.get "^4.2.1"

"@rule.js/elasticsearch@^0.9.0":
  version "0.9.0"
  resolved "https://registry.yarnpkg.com/@rule.js/elasticsearch/-/elasticsearch-0.9.0.tgz#4bfaa3f5cf36c6d89e2d2f5b69c5ad3d2a221da3"
  integrity sha512-c+xHcqKIoZ9jZ25+PE4YlTA7dh4CHG0bypbWpRDXgT0DBvgf3o48lH5dptMyGUAMxico8NIBau5mGLOnQ+2q/Q==

debug@^3.1.0:
  version "3.2.6"
  resolved "https://registry.yarnpkg.com/debug/-/debug-3.2.6.tgz#e83d17de16d8a7efb7717edbe5fb10135eee629b"
  integrity sha512-mel+jf7nrtEl5Pn1Qx46zARXKDpBbvzezse7p7LqINmdoIk8PYP5SySaxEmYv6TZ0JyEKA1hsCId6DIhgITtWQ==
  dependencies:
    ms "^2.1.1"

lodash.assign@^4.0.8, lodash.assign@^4.2.0:
  version "4.2.0"
  resolved "https://registry.yarnpkg.com/lodash.assign/-/lodash.assign-4.2.0.tgz#0d99f3ccd7a6d261d19bdaeb9245005d285808e7"
  integrity sha1-DZnzzNem0mHRm9rrkkUAXShYCOc=

lodash.clone@^4.3.2:
  version "4.5.0"
  resolved "https://registry.yarnpkg.com/lodash.clone/-/lodash.clone-4.5.0.tgz#195870450f5a13192478df4bc3d23d2dea1907b6"
  integrity sha1-GVhwRQ9aExkkeN9Lw9I9LeoZB7Y=

lodash.get@^4.2.1, lodash.get@^4.4.2:
  version "4.4.2"
  resolved "https://registry.yarnpkg.com/lodash.get/-/lodash.get-4.4.2.tgz#2d177f652fa31e939b4438d5341499dfa3825e99"
  integrity sha1-LRd/ZS+jHpObRDjVNBSZ36OCXpk=

lodash.omit@^4.5.0:
  version "4.5.0"
  resolved "https://registry.yarnpkg.com/lodash.omit/-/lodash.omit-4.5.0.tgz#6eb19ae5a1ee1dd9df0b969e66ce0b7fa30b5e60"
  integrity sha1-brGa5aHuHdnfC5aeZs4Lf6MLXmA=

lodash.topath@^4.5.2:
  version "4.5.2"
  resolved "https://registry.yarnpkg.com/lodash.topath/-/lodash.topath-4.5.2.tgz#3616351f3bba61994a0931989660bd03254fd009"
  integrity sha1-NhY1Hzu6YZlKCTGYlmC9AyVP0Ak=

lodash.uniq@^4.5.0:
  version "4.5.0"
  resolved "https://registry.yarnpkg.com/lodash.uniq/-/lodash.uniq-4.5.0.tgz#d0225373aeb652adc1bc82e4945339a842754773"
  integrity sha1-0CJTc662Uq3BvILklFM5qEJ1R3M=

ms@^2.1.1:
  version "2.1.1"
  resolved "https://registry.yarnpkg.com/ms/-/ms-2.1.1.tgz#30a5864eb3ebb0a66f2ebe6d727af06a09d86e0a"
  integrity sha512-tgp+dl5cGk28utYktBsrFqA7HKgrhgPsg6Z/EfhWI4gl1Hwq8B/GmY/0oXZ6nF8hDVesS/FpnYaD/kOWhYQvyg==
